
Microsoft Visual Studio Solution File, Format Version 12.00
# Visual Studio 15
VisualStudioVersion = 15.0.28010.2050
MinimumVisualStudioVersion = 10.0.40219.1
Project("{FAE04EC0-301F-11D3-BF4B-00C04F79EFBC}") = "APICallDemo", "APICallDemo\APICallDemo.csproj", "{FA1D44E0-972B-48D8-BB18-4BCBB42088DC}"
EndProject
Global
	GlobalSection(SolutionConfigurationPlatforms) = preSolution
		Debug|Any CPU = Debug|Any CPU
		Release|Any CPU = Release|Any CPU
	EndGlobalSection
	GlobalSection(ProjectConfigurationPlatforms) = postSolution
		{FA1D44E0-972B-48D8-BB18-4BCBB42088DC}.Debug|Any CPU.ActiveCfg = Debug|Any CPU
		{FA1D44E0-972B-48D8-BB18-4BCBB42088DC}.Debug|Any CPU.Build.0 = Debug|Any CPU
		{FA1D44E0-972B-48D8-BB18-4BCBB42088DC}.Release|Any CPU.ActiveCfg = Release|Any CPU
		{FA1D44E0-972B-48D8-BB18-4BCBB42088DC}.Release|Any CPU.Build.0 = Release|Any CPU
	EndGlobalSection
	GlobalSection(SolutionProperties) = preSolution
		HideSolutionNode = FALSE
	EndGlobalSection
	GlobalSection(ExtensibilityGlobals) = postSolution
		SolutionGuid = {D45261C9-B51F-4340-AB36-D45F67B3BA91}
	EndGlobalSection
EndGlobal
